
Microsoft Visual Studio Solution File, Format Version 12.00
# Visual Studio Version 16
VisualStudioVersion = 16.0.29215.179
MinimumVisualStudioVersion = 10.0.40219.1
Project("{FAE04EC0-301F-11D3-BF4B-00C04F79EFBC}") = "ILRepack.Lib.MSBuild.Task", "ILRepack.Lib.MSBuild.Task\ILRepack.Lib.MSBuild.Task.csproj", "{DB0F6F84-0028-4A9E-9EF6-60309AB51BAC}"
EndProject
Project("{2150E333-8FDC-42A3-9474-1A3956D46DE8}") = "Solution Items", "Solution Items", "{2EA8FA09-D6B1-45BB-BA07-5B02E7349926}"
	ProjectSection(SolutionItems) = preProject
		appveyor.yml = appveyor.yml
		LICENSE.md = LICENSE.md
		README.md = README.md
	EndProjectSection
EndProject
Global
	GlobalSection(SolutionConfigurationPlatforms) = preSolution
		Debug|Any CPU = Debug|Any CPU
		Release|Any CPU = Release|Any CPU
	EndGlobalSection
	GlobalSection(ProjectConfigurationPlatforms) = postSolution
		{DB0F6F84-0028-4A9E-9EF6-60309AB51BAC}.Debug|Any CPU.ActiveCfg = Debug|Any CPU
		{DB0F6F84-0028-4A9E-9EF6-60309AB51BAC}.Debug|Any CPU.Build.0 = Debug|Any CPU
		{DB0F6F84-0028-4A9E-9EF6-60309AB51BAC}.Release|Any CPU.ActiveCfg = Release|Any CPU
		{DB0F6F84-0028-4A9E-9EF6-60309AB51BAC}.Release|Any CPU.Build.0 = Release|Any CPU
	EndGlobalSection
	GlobalSection(SolutionProperties) = preSolution
		HideSolutionNode = FALSE
	EndGlobalSection
	GlobalSection(ExtensibilityGlobals) = postSolution
		SolutionGuid = {F6E399D4-87DD-4812-977A-25D6AB571307}
	EndGlobalSection
EndGlobal
